
Microsoft Visual Studio Solution File, Format Version 12.00
# Visual Studio Version 17
VisualStudioVersion = 17.2.32630.192
MinimumVisualStudioVersion = 10.0.40219.1
Project("{9A19103F-16F7-4668-BE54-9A1E7A4F7556}") = "RecklessSpeech.Application.Write.Sequences.Tests", "RecklessSpeech.Application.Write.Sequences.Tests\RecklessSpeech.Application.Write.Sequences.Tests.csproj", "{F3493D71-DBA9-450E-9789-6F3E76B87018}"
EndProject
Project("{2150E333-8FDC-42A3-9474-1A3956D46DE8}") = "Tests", "Tests", "{63D80F20-7E9A-45A1-BED1-52C56CD4EBB7}"
EndProject
Project("{2150E333-8FDC-42A3-9474-1A3956D46DE8}") = "Application", "Application", "{F5FE3C2D-76C8-44E5-B602-462B12D2D8B5}"
EndProject
Project("{9A19103F-16F7-4668-BE54-9A1E7A4F7556}") = "RecklessSpeech.Application.Write.Sequences", "RecklessSpeech.Application.Write.Sequences\RecklessSpeech.Application.Write.Sequences.csproj", "{4FA5E21D-6C4C-447E-B506-63862FF7F23F}"
EndProject
Project("{2150E333-8FDC-42A3-9474-1A3956D46DE8}") = "Sequences", "Sequences", "{22521FE8-3588-44AF-96E0-484353487CB5}"
EndProject
Project("{9A19103F-16F7-4668-BE54-9A1E7A4F7556}") = "RecklessSpeech.Domain.Sequences", "RecklessSpeech.Domain.Sequences\RecklessSpeech.Domain.Sequences.csproj", "{5BB218B1-7629-4669-9B66-D7B75A1781F5}"
EndProject
Project("{9A19103F-16F7-4668-BE54-9A1E7A4F7556}") = "RecklessSpeech.Infrastructure.Sequences.Tests", "RecklessSpeech.Infrastructure.Sequences.Tests\RecklessSpeech.Infrastructure.Sequences.Tests.csproj", "{DF635FD5-431C-4B47-B1EF-D0FA9FCAE7B7}"
EndProject
Project("{9A19103F-16F7-4668-BE54-9A1E7A4F7556}") = "RecklessSpeech.Shared.Tests", "RecklessSpeech.Shared.Tests\RecklessSpeech.Shared.Tests.csproj", "{EEBA26D3-3EB1-440D-BE79-3EE791FF557B}"
EndProject
Project("{9A19103F-16F7-4668-BE54-9A1E7A4F7556}") = "RecklessSpeech.Infrastructure.Entities", "RecklessSpeech.Infrastructure.Entities\RecklessSpeech.Infrastructure.Entities.csproj", "{277067B2-CCC0-4910-AC00-7638C249AF4B}"
EndProject
Project("{9A19103F-16F7-4668-BE54-9A1E7A4F7556}") = "RecklessSpeech.Infrastructure.Orchestration", "RecklessSpeech.Infrastructure.Orchestration\RecklessSpeech.Infrastructure.Orchestration.csproj", "{EF99C468-0B6D-4671-8A40-2B0BE4E77451}"
EndProject
Project("{9A19103F-16F7-4668-BE54-9A1E7A4F7556}") = "RecklessSpeech.Infrastructure.Sequences", "RecklessSpeech.Infrastructure.Sequences\RecklessSpeech.Infrastructure.Sequences.csproj", "{7C91D035-5DED-48CC-AA06-BB2A90224420}"
EndProject
Project("{9A19103F-16F7-4668-BE54-9A1E7A4F7556}") = "RecklessSpeech.AcceptanceTests", "RecklessSpeech.AcceptanceTests\RecklessSpeech.AcceptanceTests.csproj", "{C47F2315-1A96-4225-B23E-C4F4CBDA2F88}"
EndProject
Project("{9A19103F-16F7-4668-BE54-9A1E7A4F7556}") = "RecklessSpeech.Web", "RecklessSpeech.Web\RecklessSpeech.Web.csproj", "{89928C6E-766D-4F90-8E9B-E7B26050D36C}"
EndProject
Project("{9A19103F-16F7-4668-BE54-9A1E7A4F7556}") = "RecklessSpeech.Application.Core", "RecklessSpeech.Application.Core\RecklessSpeech.Application.Core.csproj", "{32075678-4BB6-4087-8649-F5F837C891C8}"
EndProject
Project("{9A19103F-16F7-4668-BE54-9A1E7A4F7556}") = "RecklessSpeech.Infrastructure.Read.Tests", "RecklessSpeech.Infrastructure.Read.Tests\RecklessSpeech.Infrastructure.Read.Tests.csproj", "{9986F135-F19E-4120-9586-4C82950F2159}"
EndProject
Project("{9A19103F-16F7-4668-BE54-9A1E7A4F7556}") = "RecklessSpeech.Infrastructure.Read", "RecklessSpeech.Infrastructure.Read\RecklessSpeech.Infrastructure.Read.csproj", "{4C6975CD-4593-47CA-B3DB-443B83A994B1}"
EndProject
Project("{9A19103F-16F7-4668-BE54-9A1E7A4F7556}") = "RecklessSpeech.Application.Read", "RecklessSpeech.Application.Read\RecklessSpeech.Application.Read.csproj", "{EE9F83AB-A3A9-478F-B533-009AE6632744}"
EndProject
Project("{2150E333-8FDC-42A3-9474-1A3956D46DE8}") = "Queries", "Queries", "{847819C5-1039-4C49-ABA1-4764D9838C19}"
EndProject
Global
	GlobalSection(SolutionConfigurationPlatforms) = preSolution
		Debug|Any CPU = Debug|Any CPU
		Debug|ARM = Debug|ARM
		Debug|ARM64 = Debug|ARM64
		Debug|x64 = Debug|x64
		Debug|x86 = Debug|x86
		Release|Any CPU = Release|Any CPU
		Release|ARM = Release|ARM
		Release|ARM64 = Release|ARM64
		Release|x64 = Release|x64
		Release|x86 = Release|x86
	EndGlobalSection
	GlobalSection(ProjectConfigurationPlatforms) = postSolution
		{F3493D71-DBA9-450E-9789-6F3E76B87018}.Debug|Any CPU.ActiveCfg = Debug|Any CPU
		{F3493D71-DBA9-450E-9789-6F3E76B87018}.Debug|Any CPU.Build.0 = Debug|Any CPU
		{F3493D71-DBA9-450E-9789-6F3E76B87018}.Debug|ARM.ActiveCfg = Debug|Any CPU
		{F3493D71-DBA9-450E-9789-6F3E76B87018}.Debug|ARM.Build.0 = Debug|Any CPU
		{F3493D71-DBA9-450E-9789-6F3E76B87018}.Debug|ARM64.ActiveCfg = Debug|Any CPU
		{F3493D71-DBA9-450E-9789-6F3E76B87018}.Debug|ARM64.Build.0 = Debug|Any CPU
		{F3493D71-DBA9-450E-9789-6F3E76B87018}.Debug|x64.ActiveCfg = Debug|Any CPU
		{F3493D71-DBA9-450E-9789-6F3E76B87018}.Debug|x64.Build.0 = Debug|Any CPU
		{F3493D71-DBA9-450E-9789-6F3E76B87018}.Debug|x86.ActiveCfg = Debug|Any CPU
		{F3493D71-DBA9-450E-9789-6F3E76B87018}.Debug|x86.Build.0 = Debug|Any CPU
		{F3493D71-DBA9-450E-9789-6F3E76B87018}.Release|Any CPU.ActiveCfg = Release|Any CPU
		{F3493D71-DBA9-450E-9789-6F3E76B87018}.Release|Any CPU.Build.0 = Release|Any CPU
		{F3493D71-DBA9-450E-9789-6F3E76B87018}.Release|ARM.ActiveCfg = Release|Any CPU
		{F3493D71-DBA9-450E-9789-6F3E76B87018}.Release|ARM.Build.0 = Release|Any CPU
		{F3493D71-DBA9-450E-9789-6F3E76B87018}.Release|ARM64.ActiveCfg = Release|Any CPU
		{F3493D71-DBA9-450E-9789-6F3E76B87018}.Release|ARM64.Build.0 = Release|Any CPU
		{F3493D71-DBA9-450E-9789-6F3E76B87018}.Release|x64.ActiveCfg = Release|Any CPU
		{F3493D71-DBA9-450E-9789-6F3E76B87018}.Release|x64.Build.0 = Release|Any CPU
		{F3493D71-DBA9-450E-9789-6F3E76B87018}.Release|x86.ActiveCfg = Release|Any CPU
		{F3493D71-DBA9-450E-9789-6F3E76B87018}.Release|x86.Build.0 = Release|Any CPU
		{4FA5E21D-6C4C-447E-B506-63862FF7F23F}.Debug|Any CPU.ActiveCfg = Debug|Any CPU
		{4FA5E21D-6C4C-447E-B506-63862FF7F23F}.Debug|Any CPU.Build.0 = Debug|Any CPU
		{4FA5E21D-6C4C-447E-B506-63862FF7F23F}.Debug|ARM.ActiveCfg = Debug|Any CPU
		{4FA5E21D-6C4C-447E-B506-63862FF7F23F}.Debug|ARM.Build.0 = Debug|Any CPU
		{4FA5E21D-6C4C-447E-B506-63862FF7F23F}.Debug|ARM64.ActiveCfg = Debug|Any CPU
		{4FA5E21D-6C4C-447E-B506-63862FF7F23F}.Debug|ARM64.Build.0 = Debug|Any CPU
		{4FA5E21D-6C4C-447E-B506-63862FF7F23F}.Debug|x64.ActiveCfg = Debug|Any CPU
		{4FA5E21D-6C4C-447E-B506-63862FF7F23F}.Debug|x64.Build.0 = Debug|Any CPU
		{4FA5E21D-6C4C-447E-B506-63862FF7F23F}.Debug|x86.ActiveCfg = Debug|Any CPU
		{4FA5E21D-6C4C-447E-B506-63862FF7F23F}.Debug|x86.Build.0 = Debug|Any CPU
		{4FA5E21D-6C4C-447E-B506-63862FF7F23F}.Release|Any CPU.ActiveCfg = Release|Any CPU
		{4FA5E21D-6C4C-447E-B506-63862FF7F23F}.Release|Any CPU.Build.0 = Release|Any CPU
		{4FA5E21D-6C4C-447E-B506-63862FF7F23F}.Release|ARM.ActiveCfg = Release|Any CPU
		{4FA5E21D-6C4C-447E-B506-63862FF7F23F}.Release|ARM.Build.0 = Release|Any CPU
		{4FA5E21D-6C4C-447E-B506-63862FF7F23F}.Release|ARM64.ActiveCfg = Release|Any CPU
		{4FA5E21D-6C4C-447E-B506-63862FF7F23F}.Release|ARM64.Build.0 = Release|Any CPU
		{4FA5E21D-6C4C-447E-B506-63862FF7F23F}.Release|x64.ActiveCfg = Release|Any CPU
		{4FA5E21D-6C4C-447E-B506-63862FF7F23F}.Release|x64.Build.0 = Release|Any CPU
		{4FA5E21D-6C4C-447E-B506-63862FF7F23F}.Release|x86.ActiveCfg = Release|Any CPU
		{4FA5E21D-6C4C-447E-B506-63862FF7F23F}.Release|x86.Build.0 = Release|Any CPU
		{5BB218B1-7629-4669-9B66-D7B75A1781F5}.Debug|Any CPU.ActiveCfg = Debug|Any CPU
		{5BB218B1-7629-4669-9B66-D7B75A1781F5}.Debug|Any CPU.Build.0 = Debug|Any CPU
		{5BB218B1-7629-4669-9B66-D7B75A1781F5}.Debug|ARM.ActiveCfg = Debug|Any CPU
		{5BB218B1-7629-4669-9B66-D7B75A1781F5}.Debug|ARM.Build.0 = Debug|Any CPU
		{5BB218B1-7629-4669-9B66-D7B75A1781F5}.Debug|ARM64.ActiveCfg = Debug|Any CPU
		{5BB218B1-7629-4669-9B66-D7B75A1781F5}.Debug|ARM64.Build.0 = Debug|Any CPU
		{5BB218B1-7629-4669-9B66-D7B75A1781F5}.Debug|x64.ActiveCfg = Debug|Any CPU
		{5BB218B1-7629-4669-9B66-D7B75A1781F5}.Debug|x64.Build.0 = Debug|Any CPU
		{5BB218B1-7629-4669-9B66-D7B75A1781F5}.Debug|x86.ActiveCfg = Debug|Any CPU
		{5BB218B1-7629-4669-9B66-D7B75A1781F5}.Debug|x86.Build.0 = Debug|Any CPU
		{5BB218B1-7629-4669-9B66-D7B75A1781F5}.Release|Any CPU.ActiveCfg = Release|Any CPU
		{5BB218B1-7629-4669-9B66-D7B75A1781F5}.Release|Any CPU.Build.0 = Release|Any CPU
		{5BB218B1-7629-4669-9B66-D7B75A1781F5}.Release|ARM.ActiveCfg = Release|Any CPU
		{5BB218B1-7629-4669-9B66-D7B75A1781F5}.Release|ARM.Build.0 = Release|Any CPU
		{5BB218B1-7629-4669-9B66-D7B75A1781F5}.Release|ARM64.ActiveCfg = Release|Any CPU
		{5BB218B1-7629-4669-9B66-D7B75A1781F5}.Release|ARM64.Build.0 = Release|Any CPU
		{5BB218B1-7629-4669-9B66-D7B75A1781F5}.Release|x64.ActiveCfg = Release|Any CPU
		{5BB218B1-7629-4669-9B66-D7B75A1781F5}.Release|x64.Build.0 = Release|Any CPU
		{5BB218B1-7629-4669-9B66-D7B75A1781F5}.Release|x86.ActiveCfg = Release|Any CPU
		{5BB218B1-7629-4669-9B66-D7B75A1781F5}.Release|x86.Build.0 = Release|Any CPU
		{DF635FD5-431C-4B47-B1EF-D0FA9FCAE7B7}.Debug|Any CPU.ActiveCfg = Debug|Any CPU
		{DF635FD5-431C-4B47-B1EF-D0FA9FCAE7B7}.Debug|Any CPU.Build.0 = Debug|Any CPU
		{DF635FD5-431C-4B47-B1EF-D0FA9FCAE7B7}.Debug|ARM.ActiveCfg = Debug|Any CPU
		{DF635FD5-431C-4B47-B1EF-D0FA9FCAE7B7}.Debug|ARM.Build.0 = Debug|Any CPU
		{DF635FD5-431C-4B47-B1EF-D0FA9FCAE7B7}.Debug|ARM64.ActiveCfg = Debug|Any CPU
		{DF635FD5-431C-4B47-B1EF-D0FA9FCAE7B7}.Debug|ARM64.Build.0 = Debug|Any CPU
		{DF635FD5-431C-4B47-B1EF-D0FA9FCAE7B7}.Debug|x64.ActiveCfg = Debug|Any CPU
		{DF635FD5-431C-4B47-B1EF-D0FA9FCAE7B7}.Debug|x64.Build.0 = Debug|Any CPU
		{DF635FD5-431C-4B47-B1EF-D0FA9FCAE7B7}.Debug|x86.ActiveCfg = Debug|Any CPU
		{DF635FD5-431C-4B47-B1EF-D0FA9FCAE7B7}.Debug|x86.Build.0 = Debug|Any CPU
		{DF635FD5-431C-4B47-B1EF-D0FA9FCAE7B7}.Release|Any CPU.ActiveCfg = Release|Any CPU
		{DF635FD5-431C-4B47-B1EF-D0FA9FCAE7B7}.Release|Any CPU.Build.0 = Release|Any CPU
		{DF635FD5-431C-4B47-B1EF-D0FA9FCAE7B7}.Release|ARM.ActiveCfg = Release|Any CPU
		{DF635FD5-431C-4B47-B1EF-D0FA9FCAE7B7}.Release|ARM.Build.0 = Release|Any CPU
		{DF635FD5-431C-4B47-B1EF-D0FA9FCAE7B7}.Release|ARM64.ActiveCfg = Release|Any CPU
		{DF635FD5-431C-4B47-B1EF-D0FA9FCAE7B7}.Release|ARM64.Build.0 = Release|Any CPU
		{DF635FD5-431C-4B47-B1EF-D0FA9FCAE7B7}.Release|x64.ActiveCfg = Release|Any CPU
		{DF635FD5-431C-4B47-B1EF-D0FA9FCAE7B7}.Release|x64.Build.0 = Release|Any CPU
		{DF635FD5-431C-4B47-B1EF-D0FA9FCAE7B7}.Release|x86.ActiveCfg = Release|Any CPU
		{DF635FD5-431C-4B47-B1EF-D0FA9FCAE7B7}.Release|x86.Build.0 = Release|Any CPU
		{EEBA26D3-3EB1-440D-BE79-3EE791FF557B}.Debug|Any CPU.ActiveCfg = Debug|Any CPU
		{EEBA26D3-3EB1-440D-BE79-3EE791FF557B}.Debug|Any CPU.Build.0 = Debug|Any CPU
		{EEBA26D3-3EB1-440D-BE79-3EE791FF557B}.Debug|ARM.ActiveCfg = Debug|Any CPU
		{EEBA26D3-3EB1-440D-BE79-3EE791FF557B}.Debug|ARM.Build.0 = Debug|Any CPU
		{EEBA26D3-3EB1-440D-BE79-3EE791FF557B}.Debug|ARM64.ActiveCfg = Debug|Any CPU
		{EEBA26D3-3EB1-440D-BE79-3EE791FF557B}.Debug|ARM64.Build.0 = Debug|Any CPU
		{EEBA26D3-3EB1-440D-BE79-3EE791FF557B}.Debug|x64.ActiveCfg = Debug|Any CPU
		{EEBA26D3-3EB1-440D-BE79-3EE791FF557B}.Debug|x64.Build.0 = Debug|Any CPU
		{EEBA26D3-3EB1-440D-BE79-3EE791FF557B}.Debug|x86.ActiveCfg = Debug|Any CPU
		{EEBA26D3-3EB1-440D-BE79-3EE791FF557B}.Debug|x86.Build.0 = Debug|Any CPU
		{EEBA26D3-3EB1-440D-BE79-3EE791FF557B}.Release|Any CPU.ActiveCfg = Release|Any CPU
		{EEBA26D3-3EB1-440D-BE79-3EE791FF557B}.Release|Any CPU.Build.0 = Release|Any CPU
		{EEBA26D3-3EB1-440D-BE79-3EE791FF557B}.Release|ARM.ActiveCfg = Release|Any CPU
		{EEBA26D3-3EB1-440D-BE79-3EE791FF557B}.Release|ARM.Build.0 = Release|Any CPU
		{EEBA26D3-3EB1-440D-BE79-3EE791FF557B}.Release|ARM64.ActiveCfg = Release|Any CPU
		{EEBA26D3-3EB1-440D-BE79-3EE791FF557B}.Release|ARM64.Build.0 = Release|Any CPU
		{EEBA26D3-3EB1-440D-BE79-3EE791FF557B}.Release|x64.ActiveCfg = Release|Any CPU
		{EEBA26D3-3EB1-440D-BE79-3EE791FF557B}.Release|x64.Build.0 = Release|Any CPU
		{EEBA26D3-3EB1-440D-BE79-3EE791FF557B}.Release|x86.ActiveCfg = Release|Any CPU
		{EEBA26D3-3EB1-440D-BE79-3EE791FF557B}.Release|x86.Build.0 = Release|Any CPU
		{277067B2-CCC0-4910-AC00-7638C249AF4B}.Debug|Any CPU.ActiveCfg = Debug|Any CPU
		{277067B2-CCC0-4910-AC00-7638C249AF4B}.Debug|Any CPU.Build.0 = Debug|Any CPU
		{277067B2-CCC0-4910-AC00-7638C249AF4B}.Debug|ARM.ActiveCfg = Debug|Any CPU
		{277067B2-CCC0-4910-AC00-7638C249AF4B}.Debug|ARM.Build.0 = Debug|Any CPU
		{277067B2-CCC0-4910-AC00-7638C249AF4B}.Debug|ARM64.ActiveCfg = Debug|Any CPU
		{277067B2-CCC0-4910-AC00-7638C249AF4B}.Debug|ARM64.Build.0 = Debug|Any CPU
		{277067B2-CCC0-4910-AC00-7638C249AF4B}.Debug|x64.ActiveCfg = Debug|Any CPU
		{277067B2-CCC0-4910-AC00-7638C249AF4B}.Debug|x64.Build.0 = Debug|Any CPU
		{277067B2-CCC0-4910-AC00-7638C249AF4B}.Debug|x86.ActiveCfg = Debug|Any CPU
		{277067B2-CCC0-4910-AC00-7638C249AF4B}.Debug|x86.Build.0 = Debug|Any CPU
		{277067B2-CCC0-4910-AC00-7638C249AF4B}.Release|Any CPU.ActiveCfg = Release|Any CPU
		{277067B2-CCC0-4910-AC00-7638C249AF4B}.Release|Any CPU.Build.0 = Release|Any CPU
		{277067B2-CCC0-4910-AC00-7638C249AF4B}.Release|ARM.ActiveCfg = Release|Any CPU
		{277067B2-CCC0-4910-AC00-7638C249AF4B}.Release|ARM.Build.0 = Release|Any CPU
		{277067B2-CCC0-4910-AC00-7638C249AF4B}.Release|ARM64.ActiveCfg = Release|Any CPU
		{277067B2-CCC0-4910-AC00-7638C249AF4B}.Release|ARM64.Build.0 = Release|Any CPU
		{277067B2-CCC0-4910-AC00-7638C249AF4B}.Release|x64.ActiveCfg = Release|Any CPU
		{277067B2-CCC0-4910-AC00-7638C249AF4B}.Release|x64.Build.0 = Release|Any CPU
		{277067B2-CCC0-4910-AC00-7638C249AF4B}.Release|x86.ActiveCfg = Release|Any CPU
		{277067B2-CCC0-4910-AC00-7638C249AF4B}.Release|x86.Build.0 = Release|Any CPU
		{EF99C468-0B6D-4671-8A40-2B0BE4E77451}.Debug|Any CPU.ActiveCfg = Debug|Any CPU
		{EF99C468-0B6D-4671-8A40-2B0BE4E77451}.Debug|Any CPU.Build.0 = Debug|Any CPU
		{EF99C468-0B6D-4671-8A40-2B0BE4E77451}.Debug|ARM.ActiveCfg = Debug|Any CPU
		{EF99C468-0B6D-4671-8A40-2B0BE4E77451}.Debug|ARM.Build.0 = Debug|Any CPU
		{EF99C468-0B6D-4671-8A40-2B0BE4E77451}.Debug|ARM64.ActiveCfg = Debug|Any CPU
		{EF99C468-0B6D-4671-8A40-2B0BE4E77451}.Debug|ARM64.Build.0 = Debug|Any CPU
		{EF99C468-0B6D-4671-8A40-2B0BE4E77451}.Debug|x64.ActiveCfg = Debug|Any CPU
		{EF99C468-0B6D-4671-8A40-2B0BE4E77451}.Debug|x64.Build.0 = Debug|Any CPU
		{EF99C468-0B6D-4671-8A40-2B0BE4E77451}.Debug|x86.ActiveCfg = Debug|Any CPU
		{EF99C468-0B6D-4671-8A40-2B0BE4E77451}.Debug|x86.Build.0 = Debug|Any CPU
		{EF99C468-0B6D-4671-8A40-2B0BE4E77451}.Release|Any CPU.ActiveCfg = Release|Any CPU
		{EF99C468-0B6D-4671-8A40-2B0BE4E77451}.Release|Any CPU.Build.0 = Release|Any CPU
		{EF99C468-0B6D-4671-8A40-2B0BE4E77451}.Release|ARM.ActiveCfg = Release|Any CPU
		{EF99C468-0B6D-4671-8A40-2B0BE4E77451}.Release|ARM.Build.0 = Release|Any CPU
		{EF99C468-0B6D-4671-8A40-2B0BE4E77451}.Release|ARM64.ActiveCfg = Release|Any CPU
		{EF99C468-0B6D-4671-8A40-2B0BE4E77451}.Release|ARM64.Build.0 = Release|Any CPU
		{EF99C468-0B6D-4671-8A40-2B0BE4E77451}.Release|x64.ActiveCfg = Release|Any CPU
		{EF99C468-0B6D-4671-8A40-2B0BE4E77451}.Release|x64.Build.0 = Release|Any CPU
		{EF99C468-0B6D-4671-8A40-2B0BE4E77451}.Release|x86.ActiveCfg = Release|Any CPU
		{EF99C468-0B6D-4671-8A40-2B0BE4E77451}.Release|x86.Build.0 = Release|Any CPU
		{7C91D035-5DED-48CC-AA06-BB2A90224420}.Debug|Any CPU.ActiveCfg = Debug|Any CPU
		{7C91D035-5DED-48CC-AA06-BB2A90224420}.Debug|Any CPU.Build.0 = Debug|Any CPU
		{7C91D035-5DED-48CC-AA06-BB2A90224420}.Debug|ARM.ActiveCfg = Debug|Any CPU
		{7C91D035-5DED-48CC-AA06-BB2A90224420}.Debug|ARM.Build.0 = Debug|Any CPU
		{7C91D035-5DED-48CC-AA06-BB2A90224420}.Debug|ARM64.ActiveCfg = Debug|Any CPU
		{7C91D035-5DED-48CC-AA06-BB2A90224420}.Debug|ARM64.Build.0 = Debug|Any CPU
		{7C91D035-5DED-48CC-AA06-BB2A90224420}.Debug|x64.ActiveCfg = Debug|Any CPU
		{7C91D035-5DED-48CC-AA06-BB2A90224420}.Debug|x64.Build.0 = Debug|Any CPU
		{7C91D035-5DED-48CC-AA06-BB2A90224420}.Debug|x86.ActiveCfg = Debug|Any CPU
		{7C91D035-5DED-48CC-AA06-BB2A90224420}.Debug|x86.Build.0 = Debug|Any CPU
		{7C91D035-5DED-48CC-AA06-BB2A90224420}.Release|Any CPU.ActiveCfg = Release|Any CPU
		{7C91D035-5DED-48CC-AA06-BB2A90224420}.Release|Any CPU.Build.0 = Release|Any CPU
		{7C91D035-5DED-48CC-AA06-BB2A90224420}.Release|ARM.ActiveCfg = Release|Any CPU
		{7C91D035-5DED-48CC-AA06-BB2A90224420}.Release|ARM.Build.0 = Release|Any CPU
		{7C91D035-5DED-48CC-AA06-BB2A90224420}.Release|ARM64.ActiveCfg = Release|Any CPU
		{7C91D035-5DED-48CC-AA06-BB2A90224420}.Release|ARM64.Build.0 = Release|Any CPU
		{7C91D035-5DED-48CC-AA06-BB2A90224420}.Release|x64.ActiveCfg = Release|Any CPU
		{7C91D035-5DED-48CC-AA06-BB2A90224420}.Release|x64.Build.0 = Release|Any CPU
		{7C91D035-5DED-48CC-AA06-BB2A90224420}.Release|x86.ActiveCfg = Release|Any CPU
		{7C91D035-5DED-48CC-AA06-BB2A90224420}.Release|x86.Build.0 = Release|Any CPU
		{C47F2315-1A96-4225-B23E-C4F4CBDA2F88}.Debug|Any CPU.ActiveCfg = Debug|Any CPU
		{C47F2315-1A96-4225-B23E-C4F4CBDA2F88}.Debug|Any CPU.Build.0 = Debug|Any CPU
		{C47F2315-1A96-4225-B23E-C4F4CBDA2F88}.Debug|ARM.ActiveCfg = Debug|Any CPU
		{C47F2315-1A96-4225-B23E-C4F4CBDA2F88}.Debug|ARM.Build.0 = Debug|Any CPU
		{C47F2315-1A96-4225-B23E-C4F4CBDA2F88}.Debug|ARM64.ActiveCfg = Debug|Any CPU
		{C47F2315-1A96-4225-B23E-C4F4CBDA2F88}.Debug|ARM64.Build.0 = Debug|Any CPU
		{C47F2315-1A96-4225-B23E-C4F4CBDA2F88}.Debug|x64.ActiveCfg = Debug|Any CPU
		{C47F2315-1A96-4225-B23E-C4F4CBDA2F88}.Debug|x64.Build.0 = Debug|Any CPU
		{C47F2315-1A96-4225-B23E-C4F4CBDA2F88}.Debug|x86.ActiveCfg = Debug|Any CPU
		{C47F2315-1A96-4225-B23E-C4F4CBDA2F88}.Debug|x86.Build.0 = Debug|Any CPU
		{C47F2315-1A96-4225-B23E-C4F4CBDA2F88}.Release|Any CPU.ActiveCfg = Release|Any CPU
		{C47F2315-1A96-4225-B23E-C4F4CBDA2F88}.Release|Any CPU.Build.0 = Release|Any CPU
		{C47F2315-1A96-4225-B23E-C4F4CBDA2F88}.Release|ARM.ActiveCfg = Release|Any CPU
		{C47F2315-1A96-4225-B23E-C4F4CBDA2F88}.Release|ARM.Build.0 = Release|Any CPU
		{C47F2315-1A96-4225-B23E-C4F4CBDA2F88}.Release|ARM64.ActiveCfg = Release|Any CPU
		{C47F2315-1A96-4225-B23E-C4F4CBDA2F88}.Release|ARM64.Build.0 = Release|Any CPU
		{C47F2315-1A96-4225-B23E-C4F4CBDA2F88}.Release|x64.ActiveCfg = Release|Any CPU
		{C47F2315-1A96-4225-B23E-C4F4CBDA2F88}.Release|x64.Build.0 = Release|Any CPU
		{C47F2315-1A96-4225-B23E-C4F4CBDA2F88}.Release|x86.ActiveCfg = Release|Any CPU
		{C47F2315-1A96-4225-B23E-C4F4CBDA2F88}.Release|x86.Build.0 = Release|Any CPU
		{89928C6E-766D-4F90-8E9B-E7B26050D36C}.Debug|Any CPU.ActiveCfg = Debug|Any CPU
		{89928C6E-766D-4F90-8E9B-E7B26050D36C}.Debug|Any CPU.Build.0 = Debug|Any CPU
		{89928C6E-766D-4F90-8E9B-E7B26050D36C}.Debug|ARM.ActiveCfg = Debug|Any CPU
		{89928C6E-766D-4F90-8E9B-E7B26050D36C}.Debug|ARM.Build.0 = Debug|Any CPU
		{89928C6E-766D-4F90-8E9B-E7B26050D36C}.Debug|ARM64.ActiveCfg = Debug|Any CPU
		{89928C6E-766D-4F90-8E9B-E7B26050D36C}.Debug|ARM64.Build.0 = Debug|Any CPU
		{89928C6E-766D-4F90-8E9B-E7B26050D36C}.Debug|x64.ActiveCfg = Debug|Any CPU
		{89928C6E-766D-4F90-8E9B-E7B26050D36C}.Debug|x64.Build.0 = Debug|Any CPU
		{89928C6E-766D-4F90-8E9B-E7B26050D36C}.Debug|x86.ActiveCfg = Debug|Any CPU
		{89928C6E-766D-4F90-8E9B-E7B26050D36C}.Debug|x86.Build.0 = Debug|Any CPU
		{89928C6E-766D-4F90-8E9B-E7B26050D36C}.Release|Any CPU.ActiveCfg = Release|Any CPU
		{89928C6E-766D-4F90-8E9B-E7B26050D36C}.Release|Any CPU.Build.0 = Release|Any CPU
		{89928C6E-766D-4F90-8E9B-E7B26050D36C}.Release|ARM.ActiveCfg = Release|Any CPU
		{89928C6E-766D-4F90-8E9B-E7B26050D36C}.Release|ARM.Build.0 = Release|Any CPU
		{89928C6E-766D-4F90-8E9B-E7B26050D36C}.Release|ARM64.ActiveCfg = Release|Any CPU
		{89928C6E-766D-4F90-8E9B-E7B26050D36C}.Release|ARM64.Build.0 = Release|Any CPU
		{89928C6E-766D-4F90-8E9B-E7B26050D36C}.Release|x64.ActiveCfg = Release|Any CPU
		{89928C6E-766D-4F90-8E9B-E7B26050D36C}.Release|x64.Build.0 = Release|Any CPU
		{89928C6E-766D-4F90-8E9B-E7B26050D36C}.Release|x86.ActiveCfg = Release|Any CPU
		{89928C6E-766D-4F90-8E9B-E7B26050D36C}.Release|x86.Build.0 = Release|Any CPU
		{32075678-4BB6-4087-8649-F5F837C891C8}.Debug|Any CPU.ActiveCfg = Debug|Any CPU
		{32075678-4BB6-4087-8649-F5F837C891C8}.Debug|Any CPU.Build.0 = Debug|Any CPU
		{32075678-4BB6-4087-8649-F5F837C891C8}.Debug|ARM.ActiveCfg = Debug|Any CPU
		{32075678-4BB6-4087-8649-F5F837C891C8}.Debug|ARM.Build.0 = Debug|Any CPU
		{32075678-4BB6-4087-8649-F5F837C891C8}.Debug|ARM64.ActiveCfg = Debug|Any CPU
		{32075678-4BB6-4087-8649-F5F837C891C8}.Debug|ARM64.Build.0 = Debug|Any CPU
		{32075678-4BB6-4087-8649-F5F837C891C8}.Debug|x64.ActiveCfg = Debug|Any CPU
		{32075678-4BB6-4087-8649-F5F837C891C8}.Debug|x64.Build.0 = Debug|Any CPU
		{32075678-4BB6-4087-8649-F5F837C891C8}.Debug|x86.ActiveCfg = Debug|Any CPU
		{32075678-4BB6-4087-8649-F5F837C891C8}.Debug|x86.Build.0 = Debug|Any CPU
		{32075678-4BB6-4087-8649-F5F837C891C8}.Release|Any CPU.ActiveCfg = Release|Any CPU
		{32075678-4BB6-4087-8649-F5F837C891C8}.Release|Any CPU.Build.0 = Release|Any CPU
		{32075678-4BB6-4087-8649-F5F837C891C8}.Release|ARM.ActiveCfg = Release|Any CPU
		{32075678-4BB6-4087-8649-F5F837C891C8}.Release|ARM.Build.0 = Release|Any CPU
		{32075678-4BB6-4087-8649-F5F837C891C8}.Release|ARM64.ActiveCfg = Release|Any CPU
		{32075678-4BB6-4087-8649-F5F837C891C8}.Release|ARM64.Build.0 = Release|Any CPU
		{32075678-4BB6-4087-8649-F5F837C891C8}.Release|x64.ActiveCfg = Release|Any CPU
		{32075678-4BB6-4087-8649-F5F837C891C8}.Release|x64.Build.0 = Release|Any CPU
		{32075678-4BB6-4087-8649-F5F837C891C8}.Release|x86.ActiveCfg = Release|Any CPU
		{32075678-4BB6-4087-8649-F5F837C891C8}.Release|x86.Build.0 = Release|Any CPU
		{9986F135-F19E-4120-9586-4C82950F2159}.Debug|Any CPU.ActiveCfg = Debug|Any CPU
		{9986F135-F19E-4120-9586-4C82950F2159}.Debug|Any CPU.Build.0 = Debug|Any CPU
		{9986F135-F19E-4120-9586-4C82950F2159}.Debug|ARM.ActiveCfg = Debug|Any CPU
		{9986F135-F19E-4120-9586-4C82950F2159}.Debug|ARM.Build.0 = Debug|Any CPU
		{9986F135-F19E-4120-9586-4C82950F2159}.Debug|ARM64.ActiveCfg = Debug|Any CPU
		{9986F135-F19E-4120-9586-4C82950F2159}.Debug|ARM64.Build.0 = Debug|Any CPU
		{9986F135-F19E-4120-9586-4C82950F2159}.Debug|x64.ActiveCfg = Debug|Any CPU
		{9986F135-F19E-4120-9586-4C82950F2159}.Debug|x64.Build.0 = Debug|Any CPU
		{9986F135-F19E-4120-9586-4C82950F2159}.Debug|x86.ActiveCfg = Debug|Any CPU
		{9986F135-F19E-4120-9586-4C82950F2159}.Debug|x86.Build.0 = Debug|Any CPU
		{9986F135-F19E-4120-9586-4C82950F2159}.Release|Any CPU.ActiveCfg = Release|Any CPU
		{9986F135-F19E-4120-9586-4C82950F2159}.Release|Any CPU.Build.0 = Release|Any CPU
		{9986F135-F19E-4120-9586-4C82950F2159}.Release|ARM.ActiveCfg = Release|Any CPU
		{9986F135-F19E-4120-9586-4C82950F2159}.Release|ARM.Build.0 = Release|Any CPU
		{9986F135-F19E-4120-9586-4C82950F2159}.Release|ARM64.ActiveCfg = Release|Any CPU
		{9986F135-F19E-4120-9586-4C82950F2159}.Release|ARM64.Build.0 = Release|Any CPU
		{9986F135-F19E-4120-9586-4C82950F2159}.Release|x64.ActiveCfg = Release|Any CPU
		{9986F135-F19E-4120-9586-4C82950F2159}.Release|x64.Build.0 = Release|Any CPU
		{9986F135-F19E-4120-9586-4C82950F2159}.Release|x86.ActiveCfg = Release|Any CPU
		{9986F135-F19E-4120-9586-4C82950F2159}.Release|x86.Build.0 = Release|Any CPU
		{4C6975CD-4593-47CA-B3DB-443B83A994B1}.Debug|Any CPU.ActiveCfg = Debug|Any CPU
		{4C6975CD-4593-47CA-B3DB-443B83A994B1}.Debug|Any CPU.Build.0 = Debug|Any CPU
		{4C6975CD-4593-47CA-B3DB-443B83A994B1}.Debug|ARM.ActiveCfg = Debug|Any CPU
		{4C6975CD-4593-47CA-B3DB-443B83A994B1}.Debug|ARM.Build.0 = Debug|Any CPU
		{4C6975CD-4593-47CA-B3DB-443B83A994B1}.Debug|ARM64.ActiveCfg = Debug|Any CPU
		{4C6975CD-4593-47CA-B3DB-443B83A994B1}.Debug|ARM64.Build.0 = Debug|Any CPU
		{4C6975CD-4593-47CA-B3DB-443B83A994B1}.Debug|x64.ActiveCfg = Debug|Any CPU
		{4C6975CD-4593-47CA-B3DB-443B83A994B1}.Debug|x64.Build.0 = Debug|Any CPU
		{4C6975CD-4593-47CA-B3DB-443B83A994B1}.Debug|x86.ActiveCfg = Debug|Any CPU
		{4C6975CD-4593-47CA-B3DB-443B83A994B1}.Debug|x86.Build.0 = Debug|Any CPU
		{4C6975CD-4593-47CA-B3DB-443B83A994B1}.Release|Any CPU.ActiveCfg = Release|Any CPU
		{4C6975CD-4593-47CA-B3DB-443B83A994B1}.Release|Any CPU.Build.0 = Release|Any CPU
		{4C6975CD-4593-47CA-B3DB-443B83A994B1}.Release|ARM.ActiveCfg = Release|Any CPU
		{4C6975CD-4593-47CA-B3DB-443B83A994B1}.Release|ARM.Build.0 = Release|Any CPU
		{4C6975CD-4593-47CA-B3DB-443B83A994B1}.Release|ARM64.ActiveCfg = Release|Any CPU
		{4C6975CD-4593-47CA-B3DB-443B83A994B1}.Release|ARM64.Build.0 = Release|Any CPU
		{4C6975CD-4593-47CA-B3DB-443B83A994B1}.Release|x64.ActiveCfg = Release|Any CPU
		{4C6975CD-4593-47CA-B3DB-443B83A994B1}.Release|x64.Build.0 = Release|Any CPU
		{4C6975CD-4593-47CA-B3DB-443B83A994B1}.Release|x86.ActiveCfg = Release|Any CPU
		{4C6975CD-4593-47CA-B3DB-443B83A994B1}.Release|x86.Build.0 = Release|Any CPU
		{EE9F83AB-A3A9-478F-B533-009AE6632744}.Debug|Any CPU.ActiveCfg = Debug|Any CPU
		{EE9F83AB-A3A9-478F-B533-009AE6632744}.Debug|Any CPU.Build.0 = Debug|Any CPU
		{EE9F83AB-A3A9-478F-B533-009AE6632744}.Debug|ARM.ActiveCfg = Debug|Any CPU
		{EE9F83AB-A3A9-478F-B533-009AE6632744}.Debug|ARM.Build.0 = Debug|Any CPU
		{EE9F83AB-A3A9-478F-B533-009AE6632744}.Debug|ARM64.ActiveCfg = Debug|Any CPU
		{EE9F83AB-A3A9-478F-B533-009AE6632744}.Debug|ARM64.Build.0 = Debug|Any CPU
		{EE9F83AB-A3A9-478F-B533-009AE6632744}.Debug|x64.ActiveCfg = Debug|Any CPU
		{EE9F83AB-A3A9-478F-B533-009AE6632744}.Debug|x64.Build.0 = Debug|Any CPU
		{EE9F83AB-A3A9-478F-B533-009AE6632744}.Debug|x86.ActiveCfg = Debug|Any CPU
		{EE9F83AB-A3A9-478F-B533-009AE6632744}.Debug|x86.Build.0 = Debug|Any CPU
		{EE9F83AB-A3A9-478F-B533-009AE6632744}.Release|Any CPU.ActiveCfg = Release|Any CPU
		{EE9F83AB-A3A9-478F-B533-009AE6632744}.Release|Any CPU.Build.0 = Release|Any CPU
		{EE9F83AB-A3A9-478F-B533-009AE6632744}.Release|ARM.ActiveCfg = Release|Any CPU
		{EE9F83AB-A3A9-478F-B533-009AE6632744}.Release|ARM.Build.0 = Release|Any CPU
		{EE9F83AB-A3A9-478F-B533-009AE6632744}.Release|ARM64.ActiveCfg = Release|Any CPU
		{EE9F83AB-A3A9-478F-B533-009AE6632744}.Release|ARM64.Build.0 = Release|Any CPU
		{EE9F83AB-A3A9-478F-B533-009AE6632744}.Release|x64.ActiveCfg = Release|Any CPU
		{EE9F83AB-A3A9-478F-B533-009AE6632744}.Release|x64.Build.0 = Release|Any CPU
		{EE9F83AB-A3A9-478F-B533-009AE6632744}.Release|x86.ActiveCfg = Release|Any CPU
		{EE9F83AB-A3A9-478F-B533-009AE6632744}.Release|x86.Build.0 = Release|Any CPU
	EndGlobalSection
	GlobalSection(SolutionProperties) = preSolution
		HideSolutionNode = FALSE
	EndGlobalSection
	GlobalSection(NestedProjects) = preSolution
		{F3493D71-DBA9-450E-9789-6F3E76B87018} = {63D80F20-7E9A-45A1-BED1-52C56CD4EBB7}
		{4FA5E21D-6C4C-447E-B506-63862FF7F23F} = {22521FE8-3588-44AF-96E0-484353487CB5}
		{22521FE8-3588-44AF-96E0-484353487CB5} = {F5FE3C2D-76C8-44E5-B602-462B12D2D8B5}
		{5BB218B1-7629-4669-9B66-D7B75A1781F5} = {22521FE8-3588-44AF-96E0-484353487CB5}
		{DF635FD5-431C-4B47-B1EF-D0FA9FCAE7B7} = {63D80F20-7E9A-45A1-BED1-52C56CD4EBB7}
		{EEBA26D3-3EB1-440D-BE79-3EE791FF557B} = {63D80F20-7E9A-45A1-BED1-52C56CD4EBB7}
		{277067B2-CCC0-4910-AC00-7638C249AF4B} = {F5FE3C2D-76C8-44E5-B602-462B12D2D8B5}
		{EF99C468-0B6D-4671-8A40-2B0BE4E77451} = {F5FE3C2D-76C8-44E5-B602-462B12D2D8B5}
		{7C91D035-5DED-48CC-AA06-BB2A90224420} = {22521FE8-3588-44AF-96E0-484353487CB5}
		{C47F2315-1A96-4225-B23E-C4F4CBDA2F88} = {63D80F20-7E9A-45A1-BED1-52C56CD4EBB7}
		{89928C6E-766D-4F90-8E9B-E7B26050D36C} = {F5FE3C2D-76C8-44E5-B602-462B12D2D8B5}
		{32075678-4BB6-4087-8649-F5F837C891C8} = {F5FE3C2D-76C8-44E5-B602-462B12D2D8B5}
		{9986F135-F19E-4120-9586-4C82950F2159} = {63D80F20-7E9A-45A1-BED1-52C56CD4EBB7}
		{4C6975CD-4593-47CA-B3DB-443B83A994B1} = {F5FE3C2D-76C8-44E5-B602-462B12D2D8B5}
		{EE9F83AB-A3A9-478F-B533-009AE6632744} = {847819C5-1039-4C49-ABA1-4764D9838C19}
		{847819C5-1039-4C49-ABA1-4764D9838C19} = {F5FE3C2D-76C8-44E5-B602-462B12D2D8B5}
	EndGlobalSection
	GlobalSection(ExtensibilityGlobals) = postSolution
		SolutionGuid = {D6DDC6F2-CD4F-4DFD-B477-D143345078EF}
	EndGlobalSection
EndGlobal
