
Microsoft Visual Studio Solution File, Format Version 12.00
# Visual Studio Version 17
VisualStudioVersion = 17.3.32929.385
MinimumVisualStudioVersion = 10.0.40219.1
Project("{FAE04EC0-301F-11D3-BF4B-00C04F79EFBC}") = "RecklessSpeech.Front.WPF", "RecklessSpeech.Front.WPF.csproj", "{A2653948-E644-499A-9D6B-B173ABD8E946}"
EndProject
Global
	GlobalSection(SolutionConfigurationPlatforms) = preSolution
		Debug|Any CPU = Debug|Any CPU
		Release|Any CPU = Release|Any CPU
	EndGlobalSection
	GlobalSection(ProjectConfigurationPlatforms) = postSolution
		{A2653948-E644-499A-9D6B-B173ABD8E946}.Debug|Any CPU.ActiveCfg = Debug|Any CPU
		{A2653948-E644-499A-9D6B-B173ABD8E946}.Debug|Any CPU.Build.0 = Debug|Any CPU
		{A2653948-E644-499A-9D6B-B173ABD8E946}.Release|Any CPU.ActiveCfg = Release|Any CPU
		{A2653948-E644-499A-9D6B-B173ABD8E946}.Release|Any CPU.Build.0 = Release|Any CPU
	EndGlobalSection
	GlobalSection(SolutionProperties) = preSolution
		HideSolutionNode = FALSE
	EndGlobalSection
	GlobalSection(ExtensibilityGlobals) = postSolution
		SolutionGuid = {D7C1111D-8003-4CBE-B8CC-023A09123AE4}
	EndGlobalSection
EndGlobal
